
Microsoft Visual Studio Solution File, Format Version 12.00
# Visual Studio Version 18
VisualStudioVersion = 18.0.11217.181 d18.0
MinimumVisualStudioVersion = 10.0.40219.1
Project("{FAE04EC0-301F-11D3-BF4B-00C04F79EFBC}") = "ChurchSermonsMetaData", "ChurchSermonsMetaData\ChurchSermonsMetaData.csproj", "{C254A757-C6CA-440A-AAA3-DB0CE31F9E79}"
EndProject
Project("{FAE04EC0-301F-11D3-BF4B-00C04F79EFBC}") = "ChurchSermonsMetaData.Tests", "ChurchSermonsMetaData.Tests\ChurchSermonsMetaData.Tests.csproj", "{8F0E9137-8C59-42B4-B71D-FB8B0320D203}"
EndProject
Project("{FAE04EC0-301F-11D3-BF4B-00C04F79EFBC}") = "Transcriber", "Transcriber\Transcriber.csproj", "{39C2C950-7C87-47FB-AA82-F1906CF841A7}"
EndProject
Project("{FAE04EC0-301F-11D3-BF4B-00C04F79EFBC}") = "SermonData", "SermonData\SermonData.csproj", "{EB4CCF40-FE9A-4723-9DF3-D24018C3C861}"
EndProject
Global
	GlobalSection(SolutionConfigurationPlatforms) = preSolution
		Debug|Any CPU = Debug|Any CPU
		Release|Any CPU = Release|Any CPU
	EndGlobalSection
	GlobalSection(ProjectConfigurationPlatforms) = postSolution
		{C254A757-C6CA-440A-AAA3-DB0CE31F9E79}.Debug|Any CPU.ActiveCfg = Debug|Any CPU
		{C254A757-C6CA-440A-AAA3-DB0CE31F9E79}.Debug|Any CPU.Build.0 = Debug|Any CPU
		{C254A757-C6CA-440A-AAA3-DB0CE31F9E79}.Release|Any CPU.ActiveCfg = Release|Any CPU
		{C254A757-C6CA-440A-AAA3-DB0CE31F9E79}.Release|Any CPU.Build.0 = Release|Any CPU
		{8F0E9137-8C59-42B4-B71D-FB8B0320D203}.Debug|Any CPU.ActiveCfg = Debug|Any CPU
		{8F0E9137-8C59-42B4-B71D-FB8B0320D203}.Debug|Any CPU.Build.0 = Debug|Any CPU
		{8F0E9137-8C59-42B4-B71D-FB8B0320D203}.Release|Any CPU.ActiveCfg = Release|Any CPU
		{8F0E9137-8C59-42B4-B71D-FB8B0320D203}.Release|Any CPU.Build.0 = Release|Any CPU
		{39C2C950-7C87-47FB-AA82-F1906CF841A7}.Debug|Any CPU.ActiveCfg = Debug|Any CPU
		{39C2C950-7C87-47FB-AA82-F1906CF841A7}.Debug|Any CPU.Build.0 = Debug|Any CPU
		{39C2C950-7C87-47FB-AA82-F1906CF841A7}.Release|Any CPU.ActiveCfg = Release|Any CPU
		{39C2C950-7C87-47FB-AA82-F1906CF841A7}.Release|Any CPU.Build.0 = Release|Any CPU
		{EB4CCF40-FE9A-4723-9DF3-D24018C3C861}.Debug|Any CPU.ActiveCfg = Debug|Any CPU
		{EB4CCF40-FE9A-4723-9DF3-D24018C3C861}.Debug|Any CPU.Build.0 = Debug|Any CPU
		{EB4CCF40-FE9A-4723-9DF3-D24018C3C861}.Release|Any CPU.ActiveCfg = Release|Any CPU
		{EB4CCF40-FE9A-4723-9DF3-D24018C3C861}.Release|Any CPU.Build.0 = Release|Any CPU
	EndGlobalSection
	GlobalSection(SolutionProperties) = preSolution
		HideSolutionNode = FALSE
	EndGlobalSection
	GlobalSection(ExtensibilityGlobals) = postSolution
		SolutionGuid = {A02EBFE3-50F2-4541-B360-E4ADC30F3C04}
	EndGlobalSection
EndGlobal
